
Microsoft Visual Studio Solution File, Format Version 12.00
# Visual Studio Version 17
VisualStudioVersion = 17.6.33723.286
MinimumVisualStudioVersion = 10.0.40219.1
Project("{FAE04EC0-301F-11D3-BF4B-00C04F79EFBC}") = "NoiseMaker", "NoiseMaker.csproj", "{401B1446-3D4D-4B46-A126-D2BC8FB28E40}"
EndProject
Global
	GlobalSection(SolutionConfigurationPlatforms) = preSolution
		Debug|Any CPU = Debug|Any CPU
		Release|Any CPU = Release|Any CPU
	EndGlobalSection
	GlobalSection(ProjectConfigurationPlatforms) = postSolution
		{401B1446-3D4D-4B46-A126-D2BC8FB28E40}.Debug|Any CPU.ActiveCfg = Debug|Any CPU
		{401B1446-3D4D-4B46-A126-D2BC8FB28E40}.Debug|Any CPU.Build.0 = Debug|Any CPU
		{401B1446-3D4D-4B46-A126-D2BC8FB28E40}.Release|Any CPU.ActiveCfg = Release|Any CPU
		{401B1446-3D4D-4B46-A126-D2BC8FB28E40}.Release|Any CPU.Build.0 = Release|Any CPU
	EndGlobalSection
	GlobalSection(SolutionProperties) = preSolution
		HideSolutionNode = FALSE
	EndGlobalSection
	GlobalSection(ExtensibilityGlobals) = postSolution
		SolutionGuid = {B8B8DBD9-1B35-43A6-9C71-CE31F948FDC6}
	EndGlobalSection
EndGlobal
